// !$*UTF8*$!
{
	archiveVersion = 1;
	classes = {
	};
	objectVersion = 46;
	objects = {

/* Begin PBXBuildFile section */
		992FA97A1AB7EA590056269A /* CalculateTime.m in Sources */ = {isa = PBXBuildFile; fileRef = 992FA9791AB7EA590056269A /* CalculateTime.m */; };
		993389751AB3048400731459 /* ModelTimeClass.m in Sources */ = {isa = PBXBuildFile; fileRef = 993389741AB3048400731459 /* ModelTimeClass.m */; };
		993389781AB31D1800731459 /* CustomCell.m in Sources */ = {isa = PBXBuildFile; fileRef = 993389771AB31D1800731459 /* CustomCell.m */; };
		99637C111AB69B79002F3475 /* PopupView.m in Sources */ = {isa = PBXBuildFile; fileRef = 99637C101AB69B79002F3475 /* PopupView.m */; };
		99637C141AB69BA6002F3475 /* SliderCustomClass.m in Sources */ = {isa = PBXBuildFile; fileRef = 99637C131AB69BA6002F3475 /* SliderCustomClass.m */; };
		99CC64E31AB1C61300B59143 /* main.m in Sources */ = {isa = PBXBuildFile; fileRef = 99CC64E21AB1C61300B59143 /* main.m */; };
		99CC64E61AB1C61300B59143 /* AppDelegate.m in Sources */ = {isa = PBXBuildFile; fileRef = 99CC64E51AB1C61300B59143 /* AppDelegate.m */; };
		99CC64E91AB1C61300B59143 /* ViewController.m in Sources */ = {isa = PBXBuildFile; fileRef = 99CC64E81AB1C61300B59143 /* ViewController.m */; };
		99CC64EC1AB1C61300B59143 /* Main.storyboard in Resources */ = {isa = PBXBuildFile; fileRef = 99CC64EA1AB1C61300B59143 /* Main.storyboard */; };
		99CC64EE1AB1C61300B59143 /* Images.xcassets in Resources */ = {isa = PBXBuildFile; fileRef = 99CC64ED1AB1C61300B59143 /* Images.xcassets */; };
		99CC64F11AB1C61300B59143 /* LaunchScreen.xib in Resources */ = {isa = PBXBuildFile; fileRef = 99CC64EF1AB1C61300B59143 /* LaunchScreen.xib */; };
		99CC64FD1AB1C61400B59143 /* EasyTimeTests.m in Sources */ = {isa = PBXBuildFile; fileRef = 99CC64FC1AB1C61400B59143 /* EasyTimeTests.m */; };
/* End PBXBuildFile section */

/* Begin PBXContainerItemProxy section */
		99CC64F71AB1C61300B59143 /* PBXContainerItemProxy */ = {
			isa = PBXContainerItemProxy;
			containerPortal = 99CC64D51AB1C61300B59143 /* Project object */;
			proxyType = 1;
			remoteGlobalIDString = 99CC64DC1AB1C61300B59143;
			remoteInfo = EasyTime;
		};
/* End PBXContainerItemProxy section */

/* Begin PBXFileReference section */
		992FA9781AB7EA590056269A /* CalculateTime.h */ = {isa = PBXFileReference; fileEncoding = 4; lastKnownFileType = sourcecode.c.h; path = CalculateTime.h; sourceTree = "<group>"; };
		992FA9791AB7EA590056269A /* CalculateTime.m */ = {isa = PBXFileReference; fileEncoding = 4; lastKnownFileType = sourcecode.c.objc; path = CalculateTime.m; sourceTree = "<group>"; };
		992FA97C1AB85CEF0056269A /* Base */ = {isa = PBXFileReference; lastKnownFileType = sourcecode.c.h; name = Base; path = "Base.lproj/NSString+ImageName.h"; sourceTree = "<group>"; };
		992FA97E1AB85CEF0056269A /* Base */ = {isa = PBXFileReference; lastKnownFileType = sourcecode.c.objc; name = Base; path = "Base.lproj/NSString+ImageName.m"; sourceTree = "<group>"; };
		993389731AB3048400731459 /* ModelTimeClass.h */ = {isa = PBXFileReference; fileEncoding = 4; lastKnownFileType = sourcecode.c.h; path = ModelTimeClass.h; sourceTree = "<group>"; };
		993389741AB3048400731459 /* ModelTimeClass.m */ = {isa = PBXFileReference; fileEncoding = 4; lastKnownFileType = sourcecode.c.objc; path = ModelTimeClass.m; sourceTree = "<group>"; };
		993389761AB31D1800731459 /* CustomCell.h */ = {isa = PBXFileReference; fileEncoding = 4; lastKnownFileType = sourcecode.c.h; path = CustomCell.h; sourceTree = "<group>"; };
		993389771AB31D1800731459 /* CustomCell.m */ = {isa = PBXFileReference; fileEncoding = 4; lastKnownFileType = sourcecode.c.objc; path = CustomCell.m; sourceTree = "<group>"; };
		99637C0F1AB69B79002F3475 /* PopupView.h */ = {isa = PBXFileReference; fileEncoding = 4; lastKnownFileType = sourcecode.c.h; path = PopupView.h; sourceTree = "<group>"; };
		99637C101AB69B79002F3475 /* PopupView.m */ = {isa = PBXFileReference; fileEncoding = 4; lastKnownFileType = sourcecode.c.objc; path = PopupView.m; sourceTree = "<group>"; };
		99637C121AB69BA6002F3475 /* SliderCustomClass.h */ = {isa = PBXFileReference; fileEncoding = 4; lastKnownFileType = sourcecode.c.h; path = SliderCustomClass.h; sourceTree = "<group>"; };
		99637C131AB69BA6002F3475 /* SliderCustomClass.m */ = {isa = PBXFileReference; fileEncoding = 4; lastKnownFileType = sourcecode.c.objc; path = SliderCustomClass.m; sourceTree = "<group>"; };
		99CC64DD1AB1C61300B59143 /* EasyTime.app */ = {isa = PBXFileReference; explicitFileType = wrapper.application; includeInIndex = 0; path = EasyTime.app; sourceTree = BUILT_PRODUCTS_DIR; };
		99CC64E11AB1C61300B59143 /* Info.plist */ = {isa = PBXFileReference; lastKnownFileType = text.plist.xml; path = Info.plist; sourceTree = "<group>"; };
		99CC64E21AB1C61300B59143 /* main.m */ = {isa = PBXFileReference; lastKnownFileType = sourcecode.c.objc; path = main.m; sourceTree = "<group>"; };
		99CC64E41AB1C61300B59143 /* AppDelegate.h */ = {isa = PBXFileReference; lastKnownFileType = sourcecode.c.h; path = AppDelegate.h; sourceTree = "<group>"; };
		99CC64E51AB1C61300B59143 /* AppDelegate.m */ = {isa = PBXFileReference; lastKnownFileType = sourcecode.c.objc; path = AppDelegate.m; sourceTree = "<group>"; };
		99CC64E71AB1C61300B59143 /* ViewController.h */ = {isa = PBXFileReference; lastKnownFileType = sourcecode.c.h; path = ViewController.h; sourceTree = "<group>"; };
		99CC64E81AB1C61300B59143 /* ViewController.m */ = {isa = PBXFileReference; lastKnownFileType = sourcecode.c.objc; path = ViewController.m; sourceTree = "<group>"; };
		99CC64EB1AB1C61300B59143 /* Base */ = {isa = PBXFileReference; lastKnownFileType = file.storyboard; name = Base; path = Base.lproj/Main.storyboard; sourceTree = "<group>"; };
		99CC64ED1AB1C61300B59143 /* Images.xcassets */ = {isa = PBXFileReference; lastKnownFileType = folder.assetcatalog; path = Images.xcassets; sourceTree = "<group>"; };
		99CC64F01AB1C61300B59143 /* Base */ = {isa = PBXFileReference; lastKnownFileType = file.xib; name = Base; path = Base.lproj/LaunchScreen.xib; sourceTree = "<group>"; };
		99CC64F61AB1C61300B59143 /* EasyTimeTests.xctest */ = {isa = PBXFileReference; explicitFileType = wrapper.cfbundle; includeInIndex = 0; path = EasyTimeTests.xctest; sourceTree = BUILT_PRODUCTS_DIR; };
		99CC64FB1AB1C61400B59143 /* Info.plist */ = {isa = PBXFileReference; lastKnownFileType = text.plist.xml; path = Info.plist; sourceTree = "<group>"; };
		99CC64FC1AB1C61400B59143 /* EasyTimeTests.m */ = {isa = PBXFileReference; lastKnownFileType = sourcecode.c.objc; path = EasyTimeTests.m; sourceTree = "<group>"; };
/* End PBXFileReference section */

/* Begin PBXFrameworksBuildPhase section */
		99CC64DA1AB1C61300B59143 /* Frameworks */ = {
			isa = PBXFrameworksBuildPhase;
			buildActionMask = 2147483647;
			files = (
			);
			runOnlyForDeploymentPostprocessing = 0;
		};
		99CC64F31AB1C61300B59143 /* Frameworks */ = {
			isa = PBXFrameworksBuildPhase;
			buildActionMask = 2147483647;
			files = (
			);
			runOnlyForDeploymentPostprocessing = 0;
		};
/* End PBXFrameworksBuildPhase section */

/* Begin PBXGroup section */
		99CC64D41AB1C61300B59143 = {
			isa = PBXGroup;
			children = (
				99CC64DF1AB1C61300B59143 /* EasyTime */,
				99CC64F91AB1C61300B59143 /* EasyTimeTests */,
				99CC64DE1AB1C61300B59143 /* Products */,
			);
			sourceTree = "<group>";
		};
		99CC64DE1AB1C61300B59143 /* Products */ = {
			isa = PBXGroup;
			children = (
				99CC64DD1AB1C61300B59143 /* EasyTime.app */,
				99CC64F61AB1C61300B59143 /* EasyTimeTests.xctest */,
			);
			name = Products;
			sourceTree = "<group>";
		};
		99CC64DF1AB1C61300B59143 /* EasyTime */ = {
			isa = PBXGroup;
			children = (
				992FA97B1AB85CEF0056269A /* NSString+ImageName.h */,
				992FA97D1AB85CEF0056269A /* NSString+ImageName.m */,
				99CC64E41AB1C61300B59143 /* AppDelegate.h */,
				99CC64E51AB1C61300B59143 /* AppDelegate.m */,
				99CC64E71AB1C61300B59143 /* ViewController.h */,
				99CC64E81AB1C61300B59143 /* ViewController.m */,
				993389761AB31D1800731459 /* CustomCell.h */,
				993389771AB31D1800731459 /* CustomCell.m */,
				993389731AB3048400731459 /* ModelTimeClass.h */,
				993389741AB3048400731459 /* ModelTimeClass.m */,
				99637C0F1AB69B79002F3475 /* PopupView.h */,
				99637C101AB69B79002F3475 /* PopupView.m */,
				99637C121AB69BA6002F3475 /* SliderCustomClass.h */,
				99637C131AB69BA6002F3475 /* SliderCustomClass.m */,
				992FA9781AB7EA590056269A /* CalculateTime.h */,
				992FA9791AB7EA590056269A /* CalculateTime.m */,
				99CC64EA1AB1C61300B59143 /* Main.storyboard */,
				99CC64ED1AB1C61300B59143 /* Images.xcassets */,
				99CC64EF1AB1C61300B59143 /* LaunchScreen.xib */,
				99CC64E01AB1C61300B59143 /* Supporting Files */,
			);
			path = EasyTime;
			sourceTree = "<group>";
		};
		99CC64E01AB1C61300B59143 /* Supporting Files */ = {
			isa = PBXGroup;
			children = (
				99CC64E11AB1C61300B59143 /* Info.plist */,
				99CC64E21AB1C61300B59143 /* main.m */,
			);
			name = "Supporting Files";
			sourceTree = "<group>";
		};
		99CC64F91AB1C61300B59143 /* EasyTimeTests */ = {
			isa = PBXGroup;
			children = (
				99CC64FC1AB1C61400B59143 /* EasyTimeTests.m */,
				99CC64FA1AB1C61400B59143 /* Supporting Files */,
			);
			path = EasyTimeTests;
			sourceTree = "<group>";
		};
		99CC64FA1AB1C61400B59143 /* Supporting Files */ = {
			isa = PBXGroup;
			children = (
				99CC64FB1AB1C61400B59143 /* Info.plist */,
			);
			name = "Supporting Files";
			sourceTree = "<group>";
		};
/* End PBXGroup section */

/* Begin PBXNativeTarget section */
		99CC64DC1AB1C61300B59143 /* EasyTime */ = {
			isa = PBXNativeTarget;
			buildConfigurationList = 99CC65001AB1C61400B59143 /* Build configuration list for PBXNativeTarget "EasyTime" */;
			buildPhases = (
				99CC64D91AB1C61300B59143 /* Sources */,
				99CC64DA1AB1C61300B59143 /* Frameworks */,
				99CC64DB1AB1C61300B59143 /* Resources */,
			);
			buildRules = (
			);
			dependencies = (
			);
			name = EasyTime;
			productName = EasyTime;
			productReference = 99CC64DD1AB1C61300B59143 /* EasyTime.app */;
			productType = "com.apple.product-type.application";
		};
		99CC64F51AB1C61300B59143 /* EasyTimeTests */ = {
			isa = PBXNativeTarget;
			buildConfigurationList = 99CC65031AB1C61400B59143 /* Build configuration list for PBXNativeTarget "EasyTimeTests" */;
			buildPhases = (
				99CC64F21AB1C61300B59143 /* Sources */,
				99CC64F31AB1C61300B59143 /* Frameworks */,
				99CC64F41AB1C61300B59143 /* Resources */,
			);
			buildRules = (
			);
			dependencies = (
				99CC64F81AB1C61300B59143 /* PBXTargetDependency */,
			);
			name = EasyTimeTests;
			productName = EasyTimeTests;
			productReference = 99CC64F61AB1C61300B59143 /* EasyTimeTests.xctest */;
			productType = "com.apple.product-type.bundle.unit-test";
		};
/* End PBXNativeTarget section */

/* Begin PBXProject section */
		99CC64D51AB1C61300B59143 /* Project object */ = {
			isa = PBXProject;
			attributes = {
				LastUpgradeCheck = 0610;
				ORGANIZATIONNAME = "Vmoksha Technologies Pvt Ltd";
				TargetAttributes = {
					99CC64DC1AB1C61300B59143 = {
						CreatedOnToolsVersion = 6.1.1;
					};
					99CC64F51AB1C61300B59143 = {
						CreatedOnToolsVersion = 6.1.1;
						TestTargetID = 99CC64DC1AB1C61300B59143;
					};
				};
			};
			buildConfigurationList = 99CC64D81AB1C61300B59143 /* Build configuration list for PBXProject "EasyTime" */;
			compatibilityVersion = "Xcode 3.2";
			developmentRegion = English;
			hasScannedForEncodings = 0;
			knownRegions = (
				en,
				Base,
			);
			mainGroup = 99CC64D41AB1C61300B59143;
			productRefGroup = 99CC64DE1AB1C61300B59143 /* Products */;
			projectDirPath = "";
			projectRoot = "";
			targets = (
				99CC64DC1AB1C61300B59143 /* EasyTime */,
				99CC64F51AB1C61300B59143 /* EasyTimeTests */,
			);
		};
/* End PBXProject section */

/* Begin PBXResourcesBuildPhase section */
		99CC64DB1AB1C61300B59143 /* Resources */ = {
			isa = PBXResourcesBuildPhase;
			buildActionMask = 2147483647;
			files = (
				99CC64EC1AB1C61300B59143 /* Main.storyboard in Resources */,
				99CC64F11AB1C61300B59143 /* LaunchScreen.xib in Resources */,
				99CC64EE1AB1C61300B59143 /* Images.xcassets in Resources */,
			);
			runOnlyForDeploymentPostprocessing = 0;
		};
		99CC64F41AB1C61300B59143 /* Resources */ = {
			isa = PBXResourcesBuildPhase;
			buildActionMask = 2147483647;
			files = (
			);
			runOnlyForDeploymentPostprocessing = 0;
		};
/* End PBXResourcesBuildPhase section */

/* Begin PBXSourcesBuildPhase section */
		99CC64D91AB1C61300B59143 /* Sources */ = {
			isa = PBXSourcesBuildPhase;
			buildActionMask = 2147483647;
			files = (
				99CC64E91AB1C61300B59143 /* ViewController.m in Sources */,
				993389751AB3048400731459 /* ModelTimeClass.m in Sources */,
				99CC64E61AB1C61300B59143 /* AppDelegate.m in Sources */,
				99637C111AB69B79002F3475 /* PopupView.m in Sources */,
				99CC64E31AB1C61300B59143 /* main.m in Sources */,
				99637C141AB69BA6002F3475 /* SliderCustomClass.m in Sources */,
				993389781AB31D1800731459 /* CustomCell.m in Sources */,
				992FA97A1AB7EA590056269A /* CalculateTime.m in Sources */,
			);
			runOnlyForDeploymentPostprocessing = 0;
		};
		99CC64F21AB1C61300B59143 /* Sources */ = {
			isa = PBXSourcesBuildPhase;
			buildActionMask = 2147483647;
			files = (
				99CC64FD1AB1C61400B59143 /* EasyTimeTests.m in Sources */,
			);
			runOnlyForDeploymentPostprocessing = 0;
		};
/* End PBXSourcesBuildPhase section */

/* Begin PBXTargetDependency section */
		99CC64F81AB1C61300B59143 /* PBXTargetDependency */ = {
			isa = PBXTargetDependency;
			target = 99CC64DC1AB1C61300B59143 /* EasyTime */;
			targetProxy = 99CC64F71AB1C61300B59143 /* PBXContainerItemProxy */;
		};
/* End PBXTargetDependency section */

/* Begin PBXVariantGroup section */
		992FA97B1AB85CEF0056269A /* NSString+ImageName.h */ = {
			isa = PBXVariantGroup;
			children = (
				992FA97C1AB85CEF0056269A /* Base */,
			);
			name = "NSString+ImageName.h";
			sourceTree = "<group>";
		};
		992FA97D1AB85CEF0056269A /* NSString+ImageName.m */ = {
			isa = PBXVariantGroup;
			children = (
				992FA97E1AB85CEF0056269A /* Base */,
			);
			name = "NSString+ImageName.m";
			sourceTree = "<group>";
		};
		99CC64EA1AB1C61300B59143 /* Main.storyboard */ = {
			isa = PBXVariantGroup;
			children = (
				99CC64EB1AB1C61300B59143 /* Base */,
			);
			name = Main.storyboard;
			sourceTree = "<group>";
		};
		99CC64EF1AB1C61300B59143 /* LaunchScreen.xib */ = {
			isa = PBXVariantGroup;
			children = (
				99CC64F01AB1C61300B59143 /* Base */,
			);
			name = LaunchScreen.xib;
			sourceTree = "<group>";
		};
/* End PBXVariantGroup section */

/* Begin XCBuildConfiguration section */
		99CC64FE1AB1C61400B59143 /* Debug */ = {
			isa = XCBuildConfiguration;
			buildSettings = {
				ALWAYS_SEARCH_USER_PATHS = NO;
				CLANG_CXX_LANGUAGE_STANDARD = "gnu++0x";
				CLANG_CXX_LIBRARY = "libc++";
				CLANG_ENABLE_MODULES = YES;
				CLANG_ENABLE_OBJC_ARC = YES;
				CLANG_WARN_BOOL_CONVERSION = YES;
				CLANG_WARN_CONSTANT_CONVERSION = YES;
				CLANG_WARN_DIRECT_OBJC_ISA_USAGE = YES_ERROR;
				CLANG_WARN_EMPTY_BODY = YES;
				CLANG_WARN_ENUM_CONVERSION = YES;
				CLANG_WARN_INT_CONVERSION = YES;
				CLANG_WARN_OBJC_ROOT_CLASS = YES_ERROR;
				CLANG_WARN_UNREACHABLE_CODE = YES;
				CLANG_WARN__DUPLICATE_METHOD_MATCH = YES;
				"CODE_SIGN_IDENTITY[sdk=iphoneos*]" = "iPhone Developer";
				COPY_PHASE_STRIP = NO;
				ENABLE_STRICT_OBJC_MSGSEND = YES;
				GCC_C_LANGUAGE_STANDARD = gnu99;
				GCC_DYNAMIC_NO_PIC = NO;
				GCC_OPTIMIZATION_LEVEL = 0;
				GCC_PREPROCESSOR_DEFINITIONS = (
					"DEBUG=1",
					"$(inherited)",
				);
				GCC_SYMBOLS_PRIVATE_EXTERN = NO;
				GCC_WARN_64_TO_32_BIT_CONVERSION = YES;
				GCC_WARN_ABOUT_RETURN_TYPE = YES_ERROR;
				GCC_WARN_UNDECLARED_SELECTOR = YES;
				GCC_WARN_UNINITIALIZED_AUTOS = YES_AGGRESSIVE;
				GCC_WARN_UNUSED_FUNCTION = YES;
				GCC_WARN_UNUSED_VARIABLE = YES;
				IPHONEOS_DEPLOYMENT_TARGET = 8.1;
				MTL_ENABLE_DEBUG_INFO = YES;
				ONLY_ACTIVE_ARCH = YES;
				SDKROOT = iphoneos;
				TARGETED_DEVICE_FAMILY = "1,2";
			};
			name = Debug;
		};
		99CC64FF1AB1C61400B59143 /* Release */ = {
			isa = XCBuildConfiguration;
			buildSettings = {
				ALWAYS_SEARCH_USER_PATHS = NO;
				CLANG_CXX_LANGUAGE_STANDARD = "gnu++0x";
				CLANG_CXX_LIBRARY = "libc++";
				CLANG_ENABLE_MODULES = YES;
				CLANG_ENABLE_OBJC_ARC = YES;
				CLANG_WARN_BOOL_CONVERSION = YES;
				CLANG_WARN_CONSTANT_CONVERSION = YES;
				CLANG_WARN_DIRECT_OBJC_ISA_USAGE = YES_ERROR;
				CLANG_WARN_EMPTY_BODY = YES;
				CLANG_WARN_ENUM_CONVERSION = YES;
				CLANG_WARN_INT_CONVERSION = YES;
				CLANG_WARN_OBJC_ROOT_CLASS = YES_ERROR;
				CLANG_WARN_UNREACHABLE_CODE = YES;
				CLANG_WARN__DUPLICATE_METHOD_MATCH = YES;
				"CODE_SIGN_IDENTITY[sdk=iphoneos*]" = "iPhone Developer";
				COPY_PHASE_STRIP = YES;
				ENABLE_NS_ASSERTIONS = NO;
				ENABLE_STRICT_OBJC_MSGSEND = YES;
				GCC_C_LANGUAGE_STANDARD = gnu99;
				GCC_WARN_64_TO_32_BIT_CONVERSION = YES;
				GCC_WARN_ABOUT_RETURN_TYPE = YES_ERROR;
				GCC_WARN_UNDECLARED_SELECTOR = YES;
				GCC_WARN_UNINITIALIZED_AUTOS = YES_AGGRESSIVE;
				GCC_WARN_UNUSED_FUNCTION = YES;
				GCC_WARN_UNUSED_VARIABLE = YES;
				IPHONEOS_DEPLOYMENT_TARGET = 8.1;
				MTL_ENABLE_DEBUG_INFO = NO;
				SDKROOT = iphoneos;
				TARGETED_DEVICE_FAMILY = "1,2";
				VALIDATE_PRODUCT = YES;
			};
			name = Release;
		};
		99CC65011AB1C61400B59143 /* Debug */ = {
			isa = XCBuildConfiguration;
			buildSettings = {
				ASSETCATALOG_COMPILER_APPICON_NAME = AppIcon;
				INFOPLIST_FILE = EasyTime/Info.plist;
				IPHONEOS_DEPLOYMENT_TARGET = 6.1;
				LD_RUNPATH_SEARCH_PATHS = "$(inherited) @executable_path/Frameworks";
				PRODUCT_NAME = "$(TARGET_NAME)";
			};
			name = Debug;
		};
		99CC65021AB1C61400B59143 /* Release */ = {
			isa = XCBuildConfiguration;
			buildSettings = {
				ASSETCATALOG_COMPILER_APPICON_NAME = AppIcon;
				INFOPLIST_FILE = EasyTime/Info.plist;
				IPHONEOS_DEPLOYMENT_TARGET = 6.1;
				LD_RUNPATH_SEARCH_PATHS = "$(inherited) @executable_path/Frameworks";
				PRODUCT_NAME = "$(TARGET_NAME)";
			};
			name = Release;
		};
		99CC65041AB1C61400B59143 /* Debug */ = {
			isa = XCBuildConfiguration;
			buildSettings = {
				BUNDLE_LOADER = "$(TEST_HOST)";
				FRAMEWORK_SEARCH_PATHS = (
					"$(SDKROOT)/Developer/Library/Frameworks",
					"$(inherited)",
				);
				GCC_PREPROCESSOR_DEFINITIONS = (
					"DEBUG=1",
					"$(inherited)",
				);
				INFOPLIST_FILE = EasyTimeTests/Info.plist;
				LD_RUNPATH_SEARCH_PATHS = "$(inherited) @executable_path/Frameworks @loader_path/Frameworks";
				PRODUCT_NAME = "$(TARGET_NAME)";
				TEST_HOST = "$(BUILT_PRODUCTS_DIR)/EasyTime.app/EasyTime";
			};
			name = Debug;
		};
		99CC65051AB1C61400B59143 /* Release */ = {
			isa = XCBuildConfiguration;
			buildSettings = {
				BUNDLE_LOADER = "$(TEST_HOST)";
				FRAMEWORK_SEARCH_PATHS = (
					"$(SDKROOT)/Developer/Library/Frameworks",
					"$(inherited)",
				);
				INFOPLIST_FILE = EasyTimeTests/Info.plist;
				LD_RUNPATH_SEARCH_PATHS = "$(inherited) @executable_path/Frameworks @loader_path/Frameworks";
				PRODUCT_NAME = "$(TARGET_NAME)";
				TEST_HOST = "$(BUILT_PRODUCTS_DIR)/EasyTime.app/EasyTime";
			};
			name = Release;
		};
/* End XCBuildConfiguration section */

/* Begin XCConfigurationList section */
		99CC64D81AB1C61300B59143 /* Build configuration list for PBXProject "EasyTime" */ = {
			isa = XCConfigurationList;
			buildConfigurations = (
				99CC64FE1AB1C61400B59143 /* Debug */,
				99CC64FF1AB1C61400B59143 /* Release */,
			);
			defaultConfigurationIsVisible = 0;
			defaultConfigurationName = Release;
		};
		99CC65001AB1C61400B59143 /* Build configuration list for PBXNativeTarget "EasyTime" */ = {
			isa = XCConfigurationList;
			buildConfigurations = (
				99CC65011AB1C61400B59143 /* Debug */,
				99CC65021AB1C61400B59143 /* Release */,
			);
			defaultConfigurationIsVisible = 0;
			defaultConfigurationName = Release;
		};
		99CC65031AB1C61400B59143 /* Build configuration list for PBXNativeTarget "EasyTimeTests" */ = {
			isa = XCConfigurationList;
			buildConfigurations = (
				99CC65041AB1C61400B59143 /* Debug */,
				99CC65051AB1C61400B59143 /* Release */,
			);
			defaultConfigurationIsVisible = 0;
			defaultConfigurationName = Release;
		};
/* End XCConfigurationList section */
	};
	rootObject = 99CC64D51AB1C61300B59143 /* Project object */;
}
